
Microsoft Visual Studio Solution File, Format Version 12.00
# Visual Studio Version 17
VisualStudioVersion = 17.8.34330.188
MinimumVisualStudioVersion = 10.0.40219.1
Project("{9A19103F-16F7-4668-BE54-9A1E7A4F7556}") = "RedditReader", "RedditReader\RedditReader.csproj", "{CF622515-8E54-4031-8027-98E7E6885410}"
EndProject
Project("{FAE04EC0-301F-11D3-BF4B-00C04F79EFBC}") = "RedditReaderTest", "RedditReaderTest\RedditReaderTest.csproj", "{F7AD21BE-FC5A-4CB3-8B71-222247A387B2}"
EndProject
Global
	GlobalSection(SolutionConfigurationPlatforms) = preSolution
		Debug|Any CPU = Debug|Any CPU
		Release|Any CPU = Release|Any CPU
	EndGlobalSection
	GlobalSection(ProjectConfigurationPlatforms) = postSolution
		{CF622515-8E54-4031-8027-98E7E6885410}.Debug|Any CPU.ActiveCfg = Debug|Any CPU
		{CF622515-8E54-4031-8027-98E7E6885410}.Debug|Any CPU.Build.0 = Debug|Any CPU
		{CF622515-8E54-4031-8027-98E7E6885410}.Release|Any CPU.ActiveCfg = Release|Any CPU
		{CF622515-8E54-4031-8027-98E7E6885410}.Release|Any CPU.Build.0 = Release|Any CPU
		{F7AD21BE-FC5A-4CB3-8B71-222247A387B2}.Debug|Any CPU.ActiveCfg = Debug|Any CPU
		{F7AD21BE-FC5A-4CB3-8B71-222247A387B2}.Debug|Any CPU.Build.0 = Debug|Any CPU
		{F7AD21BE-FC5A-4CB3-8B71-222247A387B2}.Release|Any CPU.ActiveCfg = Release|Any CPU
		{F7AD21BE-FC5A-4CB3-8B71-222247A387B2}.Release|Any CPU.Build.0 = Release|Any CPU
	EndGlobalSection
	GlobalSection(SolutionProperties) = preSolution
		HideSolutionNode = FALSE
	EndGlobalSection
	GlobalSection(ExtensibilityGlobals) = postSolution
		SolutionGuid = {DCF4267E-8E96-44E7-98AA-A6277E27936A}
	EndGlobalSection
EndGlobal
